
Microsoft Visual Studio Solution File, Format Version 12.00
# Visual Studio Version 17
VisualStudioVersion = 17.0.31903.59
MinimumVisualStudioVersion = 10.0.40219.1
Project("{2150E333-8FDC-42A3-9474-1A3956D46DE8}") = "Solution Items", "Solution Items", "{16B12F89-FD02-463B-AB8A-3CEF10263BFC}"
	ProjectSection(SolutionItems) = preProject
		.editorconfig = .editorconfig
		.filenesting.json = .filenesting.json
		.gitattributes = .gitattributes
		.gitignore = .gitignore
		.gitmodules = .gitmodules
		Directory.Build.props = Directory.Build.props
		Directory.Build.targets = Directory.Build.targets
		Directory.Packages.props = Directory.Packages.props
		Directory.Solution.props = Directory.Solution.props
		GitVersion.yml = GitVersion.yml
		LICENSE = LICENSE
		new-project.ps1 = new-project.ps1
		nuget.config = nuget.config
		README.md = README.md
		update-solution.ps1 = update-solution.ps1
	EndProjectSection
EndProject
Project("{2150E333-8FDC-42A3-9474-1A3956D46DE8}") = "src", "src", "{C155CC82-19F5-4362-9DF0-3C376BF5587B}"
EndProject
Project("{FAE04EC0-301F-11D3-BF4B-00C04F79EFBC}") = "NetEvolve.Logging.Abstractions", "src\NetEvolve.Logging.Abstractions\NetEvolve.Logging.Abstractions.csproj", "{69640616-9CA3-4200-BEB0-CCA07C343E2B}"
EndProject
Project("{2150E333-8FDC-42A3-9474-1A3956D46DE8}") = "tests", "tests", "{AE17327A-3F21-42F0-B3F0-2B7D147BBA42}"
EndProject
Project("{FAE04EC0-301F-11D3-BF4B-00C04F79EFBC}") = "NetEvolve.Logging.Abstractions.Tests.Unit", "tests\NetEvolve.Logging.Abstractions.Tests.Unit\NetEvolve.Logging.Abstractions.Tests.Unit.csproj", "{766B8D41-B637-4572-A259-66FB4550F89C}"
EndProject
Project("{FAE04EC0-301F-11D3-BF4B-00C04F79EFBC}") = "NetEvolve.Logging.Abstractions.Tests.Architecture", "tests\NetEvolve.Logging.Abstractions.Tests.Architecture\NetEvolve.Logging.Abstractions.Tests.Architecture.csproj", "{5BCC9A20-2ABC-456B-AAAC-ADB29A94463F}"
EndProject
Global
	GlobalSection(SolutionConfigurationPlatforms) = preSolution
		Debug|Any CPU = Debug|Any CPU
		Release|Any CPU = Release|Any CPU
	EndGlobalSection
	GlobalSection(SolutionProperties) = preSolution
		HideSolutionNode = FALSE
	EndGlobalSection
	GlobalSection(ProjectConfigurationPlatforms) = postSolution
		{69640616-9CA3-4200-BEB0-CCA07C343E2B}.Debug|Any CPU.ActiveCfg = Debug|Any CPU
		{69640616-9CA3-4200-BEB0-CCA07C343E2B}.Debug|Any CPU.Build.0 = Debug|Any CPU
		{69640616-9CA3-4200-BEB0-CCA07C343E2B}.Release|Any CPU.ActiveCfg = Release|Any CPU
		{69640616-9CA3-4200-BEB0-CCA07C343E2B}.Release|Any CPU.Build.0 = Release|Any CPU
		{766B8D41-B637-4572-A259-66FB4550F89C}.Debug|Any CPU.ActiveCfg = Debug|Any CPU
		{766B8D41-B637-4572-A259-66FB4550F89C}.Debug|Any CPU.Build.0 = Debug|Any CPU
		{766B8D41-B637-4572-A259-66FB4550F89C}.Release|Any CPU.ActiveCfg = Release|Any CPU
		{766B8D41-B637-4572-A259-66FB4550F89C}.Release|Any CPU.Build.0 = Release|Any CPU
		{5BCC9A20-2ABC-456B-AAAC-ADB29A94463F}.Debug|Any CPU.ActiveCfg = Debug|Any CPU
		{5BCC9A20-2ABC-456B-AAAC-ADB29A94463F}.Debug|Any CPU.Build.0 = Debug|Any CPU
		{5BCC9A20-2ABC-456B-AAAC-ADB29A94463F}.Release|Any CPU.ActiveCfg = Release|Any CPU
		{5BCC9A20-2ABC-456B-AAAC-ADB29A94463F}.Release|Any CPU.Build.0 = Release|Any CPU
	EndGlobalSection
	GlobalSection(NestedProjects) = preSolution
		{69640616-9CA3-4200-BEB0-CCA07C343E2B} = {C155CC82-19F5-4362-9DF0-3C376BF5587B}
		{766B8D41-B637-4572-A259-66FB4550F89C} = {AE17327A-3F21-42F0-B3F0-2B7D147BBA42}
		{5BCC9A20-2ABC-456B-AAAC-ADB29A94463F} = {AE17327A-3F21-42F0-B3F0-2B7D147BBA42}
	EndGlobalSection
EndGlobal
